// !$*UTF8*$!
{
	archiveVersion = 1;
	classes = {
	};
	objectVersion = 48;
	objects = {

/* Begin PBXBuildFile section */
		27A2A0322026426600C3E7C7 /* ColorMap.frag in CopyFiles */ = {isa = PBXBuildFile; fileRef = 27A2A0312026368300C3E7C7 /* ColorMap.frag */; };
		27A2A03620266ACF00C3E7C7 /* IterateLife.frag in CopyFiles */ = {isa = PBXBuildFile; fileRef = 27A2A03520266A3600C3E7C7 /* IterateLife.frag */; };
		27D2F780202512400068D663 /* main.cpp in Sources */ = {isa = PBXBuildFile; fileRef = 27D2F77F202512400068D663 /* main.cpp */; };
		27D2F78C202512930068D663 /* libsfml-audio.2.4.2.dylib in Frameworks */ = {isa = PBXBuildFile; fileRef = 27D2F787202512930068D663 /* libsfml-audio.2.4.2.dylib */; };
		27D2F78D202512930068D663 /* libsfml-window.2.4.2.dylib in Frameworks */ = {isa = PBXBuildFile; fileRef = 27D2F788202512930068D663 /* libsfml-window.2.4.2.dylib */; };
		27D2F78E202512930068D663 /* libsfml-network.2.4.2.dylib in Frameworks */ = {isa = PBXBuildFile; fileRef = 27D2F789202512930068D663 /* libsfml-network.2.4.2.dylib */; };
		27D2F78F202512930068D663 /* libsfml-system.2.4.2.dylib in Frameworks */ = {isa = PBXBuildFile; fileRef = 27D2F78A202512930068D663 /* libsfml-system.2.4.2.dylib */; };
		27D2F790202512930068D663 /* libsfml-graphics.2.4.2.dylib in Frameworks */ = {isa = PBXBuildFile; fileRef = 27D2F78B202512930068D663 /* libsfml-graphics.2.4.2.dylib */; };
/* End PBXBuildFile section */

/* Begin PBXCopyFilesBuildPhase section */
		27D2F77A202512400068D663 /* CopyFiles */ = {
			isa = PBXCopyFilesBuildPhase;
			buildActionMask = 12;
			dstPath = "";
			dstSubfolderSpec = 16;
			files = (
				27A2A03620266ACF00C3E7C7 /* IterateLife.frag in CopyFiles */,
				27A2A0322026426600C3E7C7 /* ColorMap.frag in CopyFiles */,
			);
			runOnlyForDeploymentPostprocessing = 0;
		};
/* End PBXCopyFilesBuildPhase section */

/* Begin PBXFileReference section */
		27A2A0312026368300C3E7C7 /* ColorMap.frag */ = {isa = PBXFileReference; lastKnownFileType = sourcecode.glsl; path = ColorMap.frag; sourceTree = "<group>"; };
		27A2A03520266A3600C3E7C7 /* IterateLife.frag */ = {isa = PBXFileReference; lastKnownFileType = sourcecode.glsl; path = IterateLife.frag; sourceTree = "<group>"; };
		27D2F77C202512400068D663 /* LifeFade */ = {isa = PBXFileReference; explicitFileType = "compiled.mach-o.executable"; includeInIndex = 0; path = LifeFade; sourceTree = BUILT_PRODUCTS_DIR; };
		27D2F77F202512400068D663 /* main.cpp */ = {isa = PBXFileReference; lastKnownFileType = sourcecode.cpp.cpp; path = main.cpp; sourceTree = "<group>"; };
		27D2F787202512930068D663 /* libsfml-audio.2.4.2.dylib */ = {isa = PBXFileReference; lastKnownFileType = "compiled.mach-o.dylib"; name = "libsfml-audio.2.4.2.dylib"; path = "../../../../usr/local/Cellar/sfml/2.4.2_1/lib/libsfml-audio.2.4.2.dylib"; sourceTree = "<group>"; };
		27D2F788202512930068D663 /* libsfml-window.2.4.2.dylib */ = {isa = PBXFileReference; lastKnownFileType = "compiled.mach-o.dylib"; name = "libsfml-window.2.4.2.dylib"; path = "../../../../usr/local/Cellar/sfml/2.4.2_1/lib/libsfml-window.2.4.2.dylib"; sourceTree = "<group>"; };
		27D2F789202512930068D663 /* libsfml-network.2.4.2.dylib */ = {isa = PBXFileReference; lastKnownFileType = "compiled.mach-o.dylib"; name = "libsfml-network.2.4.2.dylib"; path = "../../../../usr/local/Cellar/sfml/2.4.2_1/lib/libsfml-network.2.4.2.dylib"; sourceTree = "<group>"; };
		27D2F78A202512930068D663 /* libsfml-system.2.4.2.dylib */ = {isa = PBXFileReference; lastKnownFileType = "compiled.mach-o.dylib"; name = "libsfml-system.2.4.2.dylib"; path = "../../../../usr/local/Cellar/sfml/2.4.2_1/lib/libsfml-system.2.4.2.dylib"; sourceTree = "<group>"; };
		27D2F78B202512930068D663 /* libsfml-graphics.2.4.2.dylib */ = {isa = PBXFileReference; lastKnownFileType = "compiled.mach-o.dylib"; name = "libsfml-graphics.2.4.2.dylib"; path = "../../../../usr/local/Cellar/sfml/2.4.2_1/lib/libsfml-graphics.2.4.2.dylib"; sourceTree = "<group>"; };
/* End PBXFileReference section */

/* Begin PBXFrameworksBuildPhase section */
		27D2F779202512400068D663 /* Frameworks */ = {
			isa = PBXFrameworksBuildPhase;
			buildActionMask = 2147483647;
			files = (
				27D2F78C202512930068D663 /* libsfml-audio.2.4.2.dylib in Frameworks */,
				27D2F78D202512930068D663 /* libsfml-window.2.4.2.dylib in Frameworks */,
				27D2F78E202512930068D663 /* libsfml-network.2.4.2.dylib in Frameworks */,
				27D2F78F202512930068D663 /* libsfml-system.2.4.2.dylib in Frameworks */,
				27D2F790202512930068D663 /* libsfml-graphics.2.4.2.dylib in Frameworks */,
			);
			runOnlyForDeploymentPostprocessing = 0;
		};
/* End PBXFrameworksBuildPhase section */

/* Begin PBXGroup section */
		27D2F773202512400068D663 = {
			isa = PBXGroup;
			children = (
				27D2F77E202512400068D663 /* LifeFade */,
				27D2F77D202512400068D663 /* Products */,
				27D2F786202512920068D663 /* Frameworks */,
			);
			sourceTree = "<group>";
		};
		27D2F77D202512400068D663 /* Products */ = {
			isa = PBXGroup;
			children = (
				27D2F77C202512400068D663 /* LifeFade */,
			);
			name = Products;
			sourceTree = "<group>";
		};
		27D2F77E202512400068D663 /* LifeFade */ = {
			isa = PBXGroup;
			children = (
				27D2F77F202512400068D663 /* main.cpp */,
				27A2A03520266A3600C3E7C7 /* IterateLife.frag */,
				27A2A0312026368300C3E7C7 /* ColorMap.frag */,
			);
			path = LifeFade;
			sourceTree = "<group>";
		};
		27D2F786202512920068D663 /* Frameworks */ = {
			isa = PBXGroup;
			children = (
				27D2F787202512930068D663 /* libsfml-audio.2.4.2.dylib */,
				27D2F78B202512930068D663 /* libsfml-graphics.2.4.2.dylib */,
				27D2F789202512930068D663 /* libsfml-network.2.4.2.dylib */,
				27D2F78A202512930068D663 /* libsfml-system.2.4.2.dylib */,
				27D2F788202512930068D663 /* libsfml-window.2.4.2.dylib */,
			);
			name = Frameworks;
			sourceTree = "<group>";
		};
/* End PBXGroup section */

/* Begin PBXNativeTarget section */
		27D2F77B202512400068D663 /* LifeFade */ = {
			isa = PBXNativeTarget;
			buildConfigurationList = 27D2F783202512400068D663 /* Build configuration list for PBXNativeTarget "LifeFade" */;
			buildPhases = (
				27D2F778202512400068D663 /* Sources */,
				27D2F779202512400068D663 /* Frameworks */,
				27D2F77A202512400068D663 /* CopyFiles */,
			);
			buildRules = (
			);
			dependencies = (
			);
			name = LifeFade;
			productName = LifeFade;
			productReference = 27D2F77C202512400068D663 /* LifeFade */;
			productType = "com.apple.product-type.tool";
		};
/* End PBXNativeTarget section */

/* Begin PBXProject section */
		27D2F774202512400068D663 /* Project object */ = {
			isa = PBXProject;
			attributes = {
				LastUpgradeCheck = 0920;
				ORGANIZATIONNAME = "Paul Herz";
				TargetAttributes = {
					27D2F77B202512400068D663 = {
						CreatedOnToolsVersion = 9.2;
						ProvisioningStyle = Automatic;
					};
				};
			};
			buildConfigurationList = 27D2F777202512400068D663 /* Build configuration list for PBXProject "LifeFade" */;
			compatibilityVersion = "Xcode 8.0";
			developmentRegion = en;
			hasScannedForEncodings = 0;
			knownRegions = (
				en,
			);
			mainGroup = 27D2F773202512400068D663;
			productRefGroup = 27D2F77D202512400068D663 /* Products */;
			projectDirPath = "";
			projectRoot = "";
			targets = (
				27D2F77B202512400068D663 /* LifeFade */,
			);
		};
/* End PBXProject section */

/* Begin PBXSourcesBuildPhase section */
		27D2F778202512400068D663 /* Sources */ = {
			isa = PBXSourcesBuildPhase;
			buildActionMask = 2147483647;
			files = (
				27D2F780202512400068D663 /* main.cpp in Sources */,
			);
			runOnlyForDeploymentPostprocessing = 0;
		};
/* End PBXSourcesBuildPhase section */

/* Begin XCBuildConfiguration section */
		27D2F781202512400068D663 /* Debug */ = {
			isa = XCBuildConfiguration;
			buildSettings = {
				ALWAYS_SEARCH_USER_PATHS = NO;
				CLANG_ANALYZER_NONNULL = YES;
				CLANG_ANALYZER_NUMBER_OBJECT_CONVERSION = YES_AGGRESSIVE;
				CLANG_CXX_LANGUAGE_STANDARD = "gnu++14";
				CLANG_CXX_LIBRARY = "libc++";
				CLANG_ENABLE_MODULES = YES;
				CLANG_ENABLE_OBJC_ARC = YES;
				CLANG_WARN_BLOCK_CAPTURE_AUTORELEASING = YES;
				CLANG_WARN_BOOL_CONVERSION = YES;
				CLANG_WARN_COMMA = YES;
				CLANG_WARN_CONSTANT_CONVERSION = YES;
				CLANG_WARN_DIRECT_OBJC_ISA_USAGE = YES_ERROR;
				CLANG_WARN_DOCUMENTATION_COMMENTS = YES;
				CLANG_WARN_EMPTY_BODY = YES;
				CLANG_WARN_ENUM_CONVERSION = YES;
				CLANG_WARN_INFINITE_RECURSION = YES;
				CLANG_WARN_INT_CONVERSION = YES;
				CLANG_WARN_NON_LITERAL_NULL_CONVERSION = YES;
				CLANG_WARN_OBJC_LITERAL_CONVERSION = YES;
				CLANG_WARN_OBJC_ROOT_CLASS = YES_ERROR;
				CLANG_WARN_RANGE_LOOP_ANALYSIS = YES;
				CLANG_WARN_STRICT_PROTOTYPES = YES;
				CLANG_WARN_SUSPICIOUS_MOVE = YES;
				CLANG_WARN_UNGUARDED_AVAILABILITY = YES_AGGRESSIVE;
				CLANG_WARN_UNREACHABLE_CODE = YES;
				CLANG_WARN__DUPLICATE_METHOD_MATCH = YES;
				CODE_SIGN_IDENTITY = "Mac Developer";
				COPY_PHASE_STRIP = NO;
				DEBUG_INFORMATION_FORMAT = dwarf;
				ENABLE_STRICT_OBJC_MSGSEND = YES;
				ENABLE_TESTABILITY = YES;
				GCC_C_LANGUAGE_STANDARD = gnu11;
				GCC_DYNAMIC_NO_PIC = NO;
				GCC_NO_COMMON_BLOCKS = YES;
				GCC_OPTIMIZATION_LEVEL = 0;
				GCC_PREPROCESSOR_DEFINITIONS = (
					"DEBUG=1",
					"$(inherited)",
				);
				GCC_WARN_64_TO_32_BIT_CONVERSION = YES;
				GCC_WARN_ABOUT_RETURN_TYPE = YES_ERROR;
				GCC_WARN_UNDECLARED_SELECTOR = YES;
				GCC_WARN_UNINITIALIZED_AUTOS = YES_AGGRESSIVE;
				GCC_WARN_UNUSED_FUNCTION = YES;
				GCC_WARN_UNUSED_VARIABLE = YES;
				MACOSX_DEPLOYMENT_TARGET = 10.13;
				MTL_ENABLE_DEBUG_INFO = YES;
				ONLY_ACTIVE_ARCH = YES;
				SDKROOT = macosx;
			};
			name = Debug;
		};
		27D2F782202512400068D663 /* Release */ = {
			isa = XCBuildConfiguration;
			buildSettings = {
				ALWAYS_SEARCH_USER_PATHS = NO;
				CLANG_ANALYZER_NONNULL = YES;
				CLANG_ANALYZER_NUMBER_OBJECT_CONVERSION = YES_AGGRESSIVE;
				CLANG_CXX_LANGUAGE_STANDARD = "gnu++14";
				CLANG_CXX_LIBRARY = "libc++";
				CLANG_ENABLE_MODULES = YES;
				CLANG_ENABLE_OBJC_ARC = YES;
				CLANG_WARN_BLOCK_CAPTURE_AUTORELEASING = YES;
				CLANG_WARN_BOOL_CONVERSION = YES;
				CLANG_WARN_COMMA = YES;
				CLANG_WARN_CONSTANT_CONVERSION = YES;
				CLANG_WARN_DIRECT_OBJC_ISA_USAGE = YES_ERROR;
				CLANG_WARN_DOCUMENTATION_COMMENTS = YES;
				CLANG_WARN_EMPTY_BODY = YES;
				CLANG_WARN_ENUM_CONVERSION = YES;
				CLANG_WARN_INFINITE_RECURSION = YES;
				CLANG_WARN_INT_CONVERSION = YES;
				CLANG_WARN_NON_LITERAL_NULL_CONVERSION = YES;
				CLANG_WARN_OBJC_LITERAL_CONVERSION = YES;
				CLANG_WARN_OBJC_ROOT_CLASS = YES_ERROR;
				CLANG_WARN_RANGE_LOOP_ANALYSIS = YES;
				CLANG_WARN_STRICT_PROTOTYPES = YES;
				CLANG_WARN_SUSPICIOUS_MOVE = YES;
				CLANG_WARN_UNGUARDED_AVAILABILITY = YES_AGGRESSIVE;
				CLANG_WARN_UNREACHABLE_CODE = YES;
				CLANG_WARN__DUPLICATE_METHOD_MATCH = YES;
				CODE_SIGN_IDENTITY = "Mac Developer";
				COPY_PHASE_STRIP = NO;
				DEBUG_INFORMATION_FORMAT = "dwarf-with-dsym";
				ENABLE_NS_ASSERTIONS = NO;
				ENABLE_STRICT_OBJC_MSGSEND = YES;
				GCC_C_LANGUAGE_STANDARD = gnu11;
				GCC_NO_COMMON_BLOCKS = YES;
				GCC_WARN_64_TO_32_BIT_CONVERSION = YES;
				GCC_WARN_ABOUT_RETURN_TYPE = YES_ERROR;
				GCC_WARN_UNDECLARED_SELECTOR = YES;
				GCC_WARN_UNINITIALIZED_AUTOS = YES_AGGRESSIVE;
				GCC_WARN_UNUSED_FUNCTION = YES;
				GCC_WARN_UNUSED_VARIABLE = YES;
				MACOSX_DEPLOYMENT_TARGET = 10.13;
				MTL_ENABLE_DEBUG_INFO = NO;
				SDKROOT = macosx;
			};
			name = Release;
		};
		27D2F784202512400068D663 /* Debug */ = {
			isa = XCBuildConfiguration;
			buildSettings = {
				CLANG_CXX_LANGUAGE_STANDARD = "c++17";
				CLANG_CXX_LIBRARY = "libc++";
				CLANG_USE_OPTIMIZATION_PROFILE = NO;
				CODE_SIGN_STYLE = Automatic;
				DEVELOPMENT_TEAM = M8MME6Q9DA;
				GCC_FAST_MATH = YES;
				LIBRARY_SEARCH_PATHS = (
					"$(inherited)",
					/usr/local/Cellar/sfml/2.4.2_1/lib,
				);
				PRODUCT_NAME = "$(TARGET_NAME)";
				SYSTEM_HEADER_SEARCH_PATHS = /usr/local/include;
			};
			name = Debug;
		};
		27D2F785202512400068D663 /* Release */ = {
			isa = XCBuildConfiguration;
			buildSettings = {
				CLANG_CXX_LANGUAGE_STANDARD = "c++17";
				CLANG_CXX_LIBRARY = "libc++";
				CLANG_USE_OPTIMIZATION_PROFILE = NO;
				CODE_SIGN_STYLE = Automatic;
				DEVELOPMENT_TEAM = M8MME6Q9DA;
				GCC_FAST_MATH = YES;
				GCC_OPTIMIZATION_LEVEL = fast;
				LIBRARY_SEARCH_PATHS = (
					"$(inherited)",
					/usr/local/Cellar/sfml/2.4.2_1/lib,
				);
				PRODUCT_NAME = "$(TARGET_NAME)";
				SYSTEM_HEADER_SEARCH_PATHS = /usr/local/include;
			};
			name = Release;
		};
/* End XCBuildConfiguration section */

/* Begin XCConfigurationList section */
		27D2F777202512400068D663 /* Build configuration list for PBXProject "LifeFade" */ = {
			isa = XCConfigurationList;
			buildConfigurations = (
				27D2F781202512400068D663 /* Debug */,
				27D2F782202512400068D663 /* Release */,
			);
			defaultConfigurationIsVisible = 0;
			defaultConfigurationName = Release;
		};
		27D2F783202512400068D663 /* Build configuration list for PBXNativeTarget "LifeFade" */ = {
			isa = XCConfigurationList;
			buildConfigurations = (
				27D2F784202512400068D663 /* Debug */,
				27D2F785202512400068D663 /* Release */,
			);
			defaultConfigurationIsVisible = 0;
			defaultConfigurationName = Release;
		};
/* End XCConfigurationList section */
	};
	rootObject = 27D2F774202512400068D663 /* Project object */;
}
